
Microsoft Visual Studio Solution File, Format Version 12.00
# Visual Studio Version 16
VisualStudioVersion = 16.0.32106.194
MinimumVisualStudioVersion = 10.0.40219.1
Project("{9A19103F-16F7-4668-BE54-9A1E7A4F7556}") = "VubUniversity", "VubUniversity.csproj", "{0225235D-34C2-45D6-A6E3-A1148CC5AD0A}"
EndProject
Project("{9A19103F-16F7-4668-BE54-9A1E7A4F7556}") = "OnlineBankingApp", "..\ASP.NET-Core-Secure-Coding-Cookbook-main\ASP.NET-Core-Secure-Coding-Cookbook-main\Chapter01\input-validation\after\OnlineBankingApp\OnlineBankingApp.csproj", "{E60FFDBC-4932-499D-B8AF-3A40E28C06BA}"
EndProject
Project("{9A19103F-16F7-4668-BE54-9A1E7A4F7556}") = "TVShowsCatalog", "..\TVShowsCatalog\TVShowsCatalog.csproj", "{5496A494-2B6E-482E-A14F-31EE67733AC6}"
EndProject
Global
	GlobalSection(SolutionConfigurationPlatforms) = preSolution
		Debug|Any CPU = Debug|Any CPU
		Release|Any CPU = Release|Any CPU
	EndGlobalSection
	GlobalSection(ProjectConfigurationPlatforms) = postSolution
		{0225235D-34C2-45D6-A6E3-A1148CC5AD0A}.Debug|Any CPU.ActiveCfg = Debug|Any CPU
		{0225235D-34C2-45D6-A6E3-A1148CC5AD0A}.Debug|Any CPU.Build.0 = Debug|Any CPU
		{0225235D-34C2-45D6-A6E3-A1148CC5AD0A}.Release|Any CPU.ActiveCfg = Release|Any CPU
		{0225235D-34C2-45D6-A6E3-A1148CC5AD0A}.Release|Any CPU.Build.0 = Release|Any CPU
		{E60FFDBC-4932-499D-B8AF-3A40E28C06BA}.Debug|Any CPU.ActiveCfg = Debug|Any CPU
		{E60FFDBC-4932-499D-B8AF-3A40E28C06BA}.Debug|Any CPU.Build.0 = Debug|Any CPU
		{E60FFDBC-4932-499D-B8AF-3A40E28C06BA}.Release|Any CPU.ActiveCfg = Release|Any CPU
		{E60FFDBC-4932-499D-B8AF-3A40E28C06BA}.Release|Any CPU.Build.0 = Release|Any CPU
		{5496A494-2B6E-482E-A14F-31EE67733AC6}.Debug|Any CPU.ActiveCfg = Debug|Any CPU
		{5496A494-2B6E-482E-A14F-31EE67733AC6}.Debug|Any CPU.Build.0 = Debug|Any CPU
		{5496A494-2B6E-482E-A14F-31EE67733AC6}.Release|Any CPU.ActiveCfg = Release|Any CPU
		{5496A494-2B6E-482E-A14F-31EE67733AC6}.Release|Any CPU.Build.0 = Release|Any CPU
	EndGlobalSection
	GlobalSection(SolutionProperties) = preSolution
		HideSolutionNode = FALSE
	EndGlobalSection
	GlobalSection(ExtensibilityGlobals) = postSolution
		SolutionGuid = {EAA8A943-CE07-4022-8131-4414611D9749}
	EndGlobalSection
EndGlobal
